
Microsoft Visual Studio Solution File, Format Version 12.00
# Visual Studio 2012
Project("{FAE04EC0-301F-11D3-BF4B-00C04F79EFBC}") = "InstabugAndroidCoreSDK", "InstabugAndroidCoreSDK\InstabugAndroidCoreSDK.csproj", "{537F3C67-8B13-4F61-9898-5277EADC77DF}"
EndProject
Global
	GlobalSection(SolutionConfigurationPlatforms) = preSolution
		Debug|Any CPU = Debug|Any CPU
		Release|Any CPU = Release|Any CPU
	EndGlobalSection
	GlobalSection(ProjectConfigurationPlatforms) = postSolution
		{537F3C67-8B13-4F61-9898-5277EADC77DF}.Debug|Any CPU.ActiveCfg = Debug|Any CPU
		{537F3C67-8B13-4F61-9898-5277EADC77DF}.Debug|Any CPU.Build.0 = Debug|Any CPU
		{537F3C67-8B13-4F61-9898-5277EADC77DF}.Release|Any CPU.ActiveCfg = Release|Any CPU
		{537F3C67-8B13-4F61-9898-5277EADC77DF}.Release|Any CPU.Build.0 = Release|Any CPU
	EndGlobalSection
EndGlobal
